// !$*UTF8*$!
{
	archiveVersion = 1;
	classes = {
	};
	objectVersion = 50;
	objects = {

/* Begin PBXBuildFile section */
		795AD368C6D10972BCE1C85A /* Pods_iCampusUITests.framework in Frameworks */ = {isa = PBXBuildFile; fileRef = D1EE9DBE2584D949FBE91E65 /* Pods_iCampusUITests.framework */; };
		9A375CDC208F87AE000A2446 /* LoginViewController.swift in Sources */ = {isa = PBXBuildFile; fileRef = 9A375CDB208F87AE000A2446 /* LoginViewController.swift */; };
		9A375CDE208F87D1000A2446 /* SignupViewController.swift in Sources */ = {isa = PBXBuildFile; fileRef = 9A375CDD208F87D1000A2446 /* SignupViewController.swift */; };
		9A375CE0209059E6000A2446 /* iCampusPersistence.swift in Sources */ = {isa = PBXBuildFile; fileRef = 9A375CDF209059E6000A2446 /* iCampusPersistence.swift */; };
		9A375CE220906142000A2446 /* MineTableViewController.swift in Sources */ = {isa = PBXBuildFile; fileRef = 9A375CE120906142000A2446 /* MineTableViewController.swift */; };
		9A375CE420906B41000A2446 /* ConfigurationTableViewController.swift in Sources */ = {isa = PBXBuildFile; fileRef = 9A375CE320906B41000A2446 /* ConfigurationTableViewController.swift */; };
		9A375CE62090B668000A2446 /* UIColor+Hex.swift in Sources */ = {isa = PBXBuildFile; fileRef = 9A375CE52090B668000A2446 /* UIColor+Hex.swift */; };
		9A375CE82090B862000A2446 /* iCampusError.swift in Sources */ = {isa = PBXBuildFile; fileRef = 9A375CE72090B862000A2446 /* iCampusError.swift */; };
		9A375CEA2090BCCC000A2446 /* PersonalInformationTableViewController.swift in Sources */ = {isa = PBXBuildFile; fileRef = 9A375CE92090BCCC000A2446 /* PersonalInformationTableViewController.swift */; };
		9A375CEC2091C525000A2446 /* EditTableViewController.swift in Sources */ = {isa = PBXBuildFile; fileRef = 9A375CEB2091C525000A2446 /* EditTableViewController.swift */; };
		9A375CF0209216F4000A2446 /* NewsTableViewController.swift in Sources */ = {isa = PBXBuildFile; fileRef = 9A375CEF209216F4000A2446 /* NewsTableViewController.swift */; };
		9A375CF22092CD50000A2446 /* News.swift in Sources */ = {isa = PBXBuildFile; fileRef = 9A375CF12092CD50000A2446 /* News.swift */; };
		9A375CF62093018C000A2446 /* Request.swift in Sources */ = {isa = PBXBuildFile; fileRef = 9A375CF52093018C000A2446 /* Request.swift */; };
		9A375CF82093019B000A2446 /* RequestTableViewController.swift in Sources */ = {isa = PBXBuildFile; fileRef = 9A375CF72093019B000A2446 /* RequestTableViewController.swift */; };
		9A375CFA2093030A000A2446 /* InformationDetailTableViewController.swift in Sources */ = {isa = PBXBuildFile; fileRef = 9A375CF92093030A000A2446 /* InformationDetailTableViewController.swift */; };
		9A375CFC20931760000A2446 /* EKEventStore+Event.swift in Sources */ = {isa = PBXBuildFile; fileRef = 9A375CFB20931760000A2446 /* EKEventStore+Event.swift */; };
		9A375CFE20936577000A2446 /* CardView.swift in Sources */ = {isa = PBXBuildFile; fileRef = 9A375CFD20936577000A2446 /* CardView.swift */; };
		9A375D0020936AF2000A2446 /* GradeTableViewController.swift in Sources */ = {isa = PBXBuildFile; fileRef = 9A375CFF20936AF2000A2446 /* GradeTableViewController.swift */; };
		9A375D06209375B7000A2446 /* GradeViewModel.swift in Sources */ = {isa = PBXBuildFile; fileRef = 9A375D05209375B7000A2446 /* GradeViewModel.swift */; };
		9A375D082093769A000A2446 /* Grade.swift in Sources */ = {isa = PBXBuildFile; fileRef = 9A375D072093769A000A2446 /* Grade.swift */; };
		9A375D0A2093FE8E000A2446 /* NewsViewModel.swift in Sources */ = {isa = PBXBuildFile; fileRef = 9A375D092093FE8E000A2446 /* NewsViewModel.swift */; };
		9A375D0C2094043F000A2446 /* RequestViewModel.swift in Sources */ = {isa = PBXBuildFile; fileRef = 9A375D0B2094043F000A2446 /* RequestViewModel.swift */; };
		9A375D102094ECEE000A2446 /* InformationReminderTableViewController.swift in Sources */ = {isa = PBXBuildFile; fileRef = 9A375D0F2094ECEE000A2446 /* InformationReminderTableViewController.swift */; };
		9A375D1220958B85000A2446 /* RequestTypeTransform.swift in Sources */ = {isa = PBXBuildFile; fileRef = 9A375D1120958B85000A2446 /* RequestTypeTransform.swift */; };
		9A375D142095A9A8000A2446 /* NewsDetailTableViewController.swift in Sources */ = {isa = PBXBuildFile; fileRef = 9A375D132095A9A8000A2446 /* NewsDetailTableViewController.swift */; };
		9A375D162095B2DE000A2446 /* RequestStatusTransform.swift in Sources */ = {isa = PBXBuildFile; fileRef = 9A375D152095B2DE000A2446 /* RequestStatusTransform.swift */; };
		9A375D192095C761000A2446 /* AddRequestTableViewController.swift in Sources */ = {isa = PBXBuildFile; fileRef = 9A375D182095C761000A2446 /* AddRequestTableViewController.swift */; };
		9AD222BC2079FD38007A2D8C /* AppDelegate.swift in Sources */ = {isa = PBXBuildFile; fileRef = 9AD222BB2079FD38007A2D8C /* AppDelegate.swift */; };
		9AD222C12079FD38007A2D8C /* Main.storyboard in Resources */ = {isa = PBXBuildFile; fileRef = 9AD222BF2079FD38007A2D8C /* Main.storyboard */; };
		9AD222C62079FD39007A2D8C /* Assets.xcassets in Resources */ = {isa = PBXBuildFile; fileRef = 9AD222C52079FD39007A2D8C /* Assets.xcassets */; };
		9AD222C92079FD39007A2D8C /* LaunchScreen.storyboard in Resources */ = {isa = PBXBuildFile; fileRef = 9AD222C72079FD39007A2D8C /* LaunchScreen.storyboard */; };
		9AD222D42079FD39007A2D8C /* iCampusTests.swift in Sources */ = {isa = PBXBuildFile; fileRef = 9AD222D32079FD39007A2D8C /* iCampusTests.swift */; };
		9AD222DF2079FD3A007A2D8C /* iCampusUITests.swift in Sources */ = {isa = PBXBuildFile; fileRef = 9AD222DE2079FD3A007A2D8C /* iCampusUITests.swift */; };
		9AD222F2207D0174007A2D8C /* Member.swift in Sources */ = {isa = PBXBuildFile; fileRef = 9AD222F1207D0174007A2D8C /* Member.swift */; };
		9AD222F5207DB278007A2D8C /* iCampusApi.swift in Sources */ = {isa = PBXBuildFile; fileRef = 9AD222F4207DB278007A2D8C /* iCampusApi.swift */; };
		9AD222FB207DBFE4007A2D8C /* MemberViewModel.swift in Sources */ = {isa = PBXBuildFile; fileRef = 9AD222FA207DBFE4007A2D8C /* MemberViewModel.swift */; };
		9AD222FD207DC0EE007A2D8C /* Observable+ObjectMapper.swift in Sources */ = {isa = PBXBuildFile; fileRef = 9AD222FC207DC0EE007A2D8C /* Observable+ObjectMapper.swift */; };
		9AD222FF2085B92B007A2D8C /* Information.swift in Sources */ = {isa = PBXBuildFile; fileRef = 9AD222FE2085B92B007A2D8C /* Information.swift */; };
		9AD223022085C706007A2D8C /* RequestAlertPlugin.swift in Sources */ = {isa = PBXBuildFile; fileRef = 9AD223012085C706007A2D8C /* RequestAlertPlugin.swift */; };
		9AD22304208617FD007A2D8C /* InformationTableViewController.swift in Sources */ = {isa = PBXBuildFile; fileRef = 9AD22303208617FD007A2D8C /* InformationTableViewController.swift */; };
		9AD223062086180E007A2D8C /* InformationViewModel.swift in Sources */ = {isa = PBXBuildFile; fileRef = 9AD223052086180E007A2D8C /* InformationViewModel.swift */; };
		9AD2230E2086DDB2007A2D8C /* CustomDateTransform.swift in Sources */ = {isa = PBXBuildFile; fileRef = 9AD2230D2086DDB2007A2D8C /* CustomDateTransform.swift */; };
		9AD22312208874EA007A2D8C /* CustomAlamofireManager.swift in Sources */ = {isa = PBXBuildFile; fileRef = 9AD22311208874EA007A2D8C /* CustomAlamofireManager.swift */; };
		AD5DE1D3EB2D6601B74D7CE2 /* Pods_iCampusTests.framework in Frameworks */ = {isa = PBXBuildFile; fileRef = 1E2FC3FADCA189CB17DA20D9 /* Pods_iCampusTests.framework */; };
		EFB8CECB09E2A0A24576A1AD /* Pods_iCampus.framework in Frameworks */ = {isa = PBXBuildFile; fileRef = 169F48BAE3CC348754F70C2F /* Pods_iCampus.framework */; };
/* End PBXBuildFile section */

/* Begin PBXContainerItemProxy section */
		9AD222D02079FD39007A2D8C /* PBXContainerItemProxy */ = {
			isa = PBXContainerItemProxy;
			containerPortal = 9AD222B02079FD38007A2D8C /* Project object */;
			proxyType = 1;
			remoteGlobalIDString = 9AD222B72079FD38007A2D8C;
			remoteInfo = iCampus;
		};
		9AD222DB2079FD3A007A2D8C /* PBXContainerItemProxy */ = {
			isa = PBXContainerItemProxy;
			containerPortal = 9AD222B02079FD38007A2D8C /* Project object */;
			proxyType = 1;
			remoteGlobalIDString = 9AD222B72079FD38007A2D8C;
			remoteInfo = iCampus;
		};
/* End PBXContainerItemProxy section */

/* Begin PBXFileReference section */
		093AC0DDF9FFF48833D0E326 /* Pods-iCampusTests.debug.xcconfig */ = {isa = PBXFileReference; includeInIndex = 1; lastKnownFileType = text.xcconfig; name = "Pods-iCampusTests.debug.xcconfig"; path = "Pods/Target Support Files/Pods-iCampusTests/Pods-iCampusTests.debug.xcconfig"; sourceTree = "<group>"; };
		169F48BAE3CC348754F70C2F /* Pods_iCampus.framework */ = {isa = PBXFileReference; explicitFileType = wrapper.framework; includeInIndex = 0; path = Pods_iCampus.framework; sourceTree = BUILT_PRODUCTS_DIR; };
		1E2FC3FADCA189CB17DA20D9 /* Pods_iCampusTests.framework */ = {isa = PBXFileReference; explicitFileType = wrapper.framework; includeInIndex = 0; path = Pods_iCampusTests.framework; sourceTree = BUILT_PRODUCTS_DIR; };
		9A375CDB208F87AE000A2446 /* LoginViewController.swift */ = {isa = PBXFileReference; lastKnownFileType = sourcecode.swift; path = LoginViewController.swift; sourceTree = "<group>"; };
		9A375CDD208F87D1000A2446 /* SignupViewController.swift */ = {isa = PBXFileReference; lastKnownFileType = sourcecode.swift; path = SignupViewController.swift; sourceTree = "<group>"; };
		9A375CDF209059E6000A2446 /* iCampusPersistence.swift */ = {isa = PBXFileReference; lastKnownFileType = sourcecode.swift; path = iCampusPersistence.swift; sourceTree = "<group>"; };
		9A375CE120906142000A2446 /* MineTableViewController.swift */ = {isa = PBXFileReference; lastKnownFileType = sourcecode.swift; path = MineTableViewController.swift; sourceTree = "<group>"; };
		9A375CE320906B41000A2446 /* ConfigurationTableViewController.swift */ = {isa = PBXFileReference; lastKnownFileType = sourcecode.swift; path = ConfigurationTableViewController.swift; sourceTree = "<group>"; };
		9A375CE52090B668000A2446 /* UIColor+Hex.swift */ = {isa = PBXFileReference; fileEncoding = 4; lastKnownFileType = sourcecode.swift; path = "UIColor+Hex.swift"; sourceTree = "<group>"; };
		9A375CE72090B862000A2446 /* iCampusError.swift */ = {isa = PBXFileReference; lastKnownFileType = sourcecode.swift; path = iCampusError.swift; sourceTree = "<group>"; };
		9A375CE92090BCCC000A2446 /* PersonalInformationTableViewController.swift */ = {isa = PBXFileReference; lastKnownFileType = sourcecode.swift; path = PersonalInformationTableViewController.swift; sourceTree = "<group>"; };
		9A375CEB2091C525000A2446 /* EditTableViewController.swift */ = {isa = PBXFileReference; lastKnownFileType = sourcecode.swift; path = EditTableViewController.swift; sourceTree = "<group>"; };
		9A375CEF209216F4000A2446 /* NewsTableViewController.swift */ = {isa = PBXFileReference; lastKnownFileType = sourcecode.swift; path = NewsTableViewController.swift; sourceTree = "<group>"; };
		9A375CF12092CD50000A2446 /* News.swift */ = {isa = PBXFileReference; lastKnownFileType = sourcecode.swift; path = News.swift; sourceTree = "<group>"; };
		9A375CF52093018C000A2446 /* Request.swift */ = {isa = PBXFileReference; lastKnownFileType = sourcecode.swift; path = Request.swift; sourceTree = "<group>"; };
		9A375CF72093019B000A2446 /* RequestTableViewController.swift */ = {isa = PBXFileReference; lastKnownFileType = sourcecode.swift; path = RequestTableViewController.swift; sourceTree = "<group>"; };
		9A375CF92093030A000A2446 /* InformationDetailTableViewController.swift */ = {isa = PBXFileReference; lastKnownFileType = sourcecode.swift; path = InformationDetailTableViewController.swift; sourceTree = "<group>"; };
		9A375CFB20931760000A2446 /* EKEventStore+Event.swift */ = {isa = PBXFileReference; lastKnownFileType = sourcecode.swift; path = "EKEventStore+Event.swift"; sourceTree = "<group>"; };
		9A375CFD20936577000A2446 /* CardView.swift */ = {isa = PBXFileReference; lastKnownFileType = sourcecode.swift; path = CardView.swift; sourceTree = "<group>"; };
		9A375CFF20936AF2000A2446 /* GradeTableViewController.swift */ = {isa = PBXFileReference; lastKnownFileType = sourcecode.swift; path = GradeTableViewController.swift; sourceTree = "<group>"; };
		9A375D05209375B7000A2446 /* GradeViewModel.swift */ = {isa = PBXFileReference; lastKnownFileType = sourcecode.swift; path = GradeViewModel.swift; sourceTree = "<group>"; };
		9A375D072093769A000A2446 /* Grade.swift */ = {isa = PBXFileReference; lastKnownFileType = sourcecode.swift; path = Grade.swift; sourceTree = "<group>"; };
		9A375D092093FE8E000A2446 /* NewsViewModel.swift */ = {isa = PBXFileReference; lastKnownFileType = sourcecode.swift; path = NewsViewModel.swift; sourceTree = "<group>"; };
		9A375D0B2094043F000A2446 /* RequestViewModel.swift */ = {isa = PBXFileReference; lastKnownFileType = sourcecode.swift; path = RequestViewModel.swift; sourceTree = "<group>"; };
		9A375D0F2094ECEE000A2446 /* InformationReminderTableViewController.swift */ = {isa = PBXFileReference; lastKnownFileType = sourcecode.swift; path = InformationReminderTableViewController.swift; sourceTree = "<group>"; };
		9A375D1120958B85000A2446 /* RequestTypeTransform.swift */ = {isa = PBXFileReference; lastKnownFileType = sourcecode.swift; path = RequestTypeTransform.swift; sourceTree = "<group>"; };
		9A375D132095A9A8000A2446 /* NewsDetailTableViewController.swift */ = {isa = PBXFileReference; lastKnownFileType = sourcecode.swift; path = NewsDetailTableViewController.swift; sourceTree = "<group>"; };
		9A375D152095B2DE000A2446 /* RequestStatusTransform.swift */ = {isa = PBXFileReference; lastKnownFileType = sourcecode.swift; path = RequestStatusTransform.swift; sourceTree = "<group>"; };
		9A375D182095C761000A2446 /* AddRequestTableViewController.swift */ = {isa = PBXFileReference; lastKnownFileType = sourcecode.swift; path = AddRequestTableViewController.swift; sourceTree = "<group>"; };
		9AD222B82079FD38007A2D8C /* iCampus.app */ = {isa = PBXFileReference; explicitFileType = wrapper.application; includeInIndex = 0; path = iCampus.app; sourceTree = BUILT_PRODUCTS_DIR; };
		9AD222BB2079FD38007A2D8C /* AppDelegate.swift */ = {isa = PBXFileReference; lastKnownFileType = sourcecode.swift; path = AppDelegate.swift; sourceTree = "<group>"; };
		9AD222C02079FD38007A2D8C /* Base */ = {isa = PBXFileReference; lastKnownFileType = file.storyboard; name = Base; path = Base.lproj/Main.storyboard; sourceTree = "<group>"; };
		9AD222C52079FD39007A2D8C /* Assets.xcassets */ = {isa = PBXFileReference; lastKnownFileType = folder.assetcatalog; path = Assets.xcassets; sourceTree = "<group>"; };
		9AD222C82079FD39007A2D8C /* Base */ = {isa = PBXFileReference; lastKnownFileType = file.storyboard; name = Base; path = Base.lproj/LaunchScreen.storyboard; sourceTree = "<group>"; };
		9AD222CA2079FD39007A2D8C /* Info.plist */ = {isa = PBXFileReference; lastKnownFileType = text.plist.xml; path = Info.plist; sourceTree = "<group>"; };
		9AD222CF2079FD39007A2D8C /* iCampusTests.xctest */ = {isa = PBXFileReference; explicitFileType = wrapper.cfbundle; includeInIndex = 0; path = iCampusTests.xctest; sourceTree = BUILT_PRODUCTS_DIR; };
		9AD222D32079FD39007A2D8C /* iCampusTests.swift */ = {isa = PBXFileReference; lastKnownFileType = sourcecode.swift; path = iCampusTests.swift; sourceTree = "<group>"; };
		9AD222D52079FD39007A2D8C /* Info.plist */ = {isa = PBXFileReference; lastKnownFileType = text.plist.xml; path = Info.plist; sourceTree = "<group>"; };
		9AD222DA2079FD3A007A2D8C /* iCampusUITests.xctest */ = {isa = PBXFileReference; explicitFileType = wrapper.cfbundle; includeInIndex = 0; path = iCampusUITests.xctest; sourceTree = BUILT_PRODUCTS_DIR; };
		9AD222DE2079FD3A007A2D8C /* iCampusUITests.swift */ = {isa = PBXFileReference; lastKnownFileType = sourcecode.swift; path = iCampusUITests.swift; sourceTree = "<group>"; };
		9AD222E02079FD3A007A2D8C /* Info.plist */ = {isa = PBXFileReference; lastKnownFileType = text.plist.xml; path = Info.plist; sourceTree = "<group>"; };
		9AD222F1207D0174007A2D8C /* Member.swift */ = {isa = PBXFileReference; lastKnownFileType = sourcecode.swift; path = Member.swift; sourceTree = "<group>"; };
		9AD222F4207DB278007A2D8C /* iCampusApi.swift */ = {isa = PBXFileReference; lastKnownFileType = sourcecode.swift; path = iCampusApi.swift; sourceTree = "<group>"; };
		9AD222FA207DBFE4007A2D8C /* MemberViewModel.swift */ = {isa = PBXFileReference; lastKnownFileType = sourcecode.swift; path = MemberViewModel.swift; sourceTree = "<group>"; };
		9AD222FC207DC0EE007A2D8C /* Observable+ObjectMapper.swift */ = {isa = PBXFileReference; lastKnownFileType = sourcecode.swift; path = "Observable+ObjectMapper.swift"; sourceTree = "<group>"; };
		9AD222FE2085B92B007A2D8C /* Information.swift */ = {isa = PBXFileReference; lastKnownFileType = sourcecode.swift; path = Information.swift; sourceTree = "<group>"; };
		9AD223012085C706007A2D8C /* RequestAlertPlugin.swift */ = {isa = PBXFileReference; lastKnownFileType = sourcecode.swift; path = RequestAlertPlugin.swift; sourceTree = "<group>"; };
		9AD22303208617FD007A2D8C /* InformationTableViewController.swift */ = {isa = PBXFileReference; lastKnownFileType = sourcecode.swift; path = InformationTableViewController.swift; sourceTree = "<group>"; };
		9AD223052086180E007A2D8C /* InformationViewModel.swift */ = {isa = PBXFileReference; lastKnownFileType = sourcecode.swift; path = InformationViewModel.swift; sourceTree = "<group>"; };
		9AD2230D2086DDB2007A2D8C /* CustomDateTransform.swift */ = {isa = PBXFileReference; lastKnownFileType = sourcecode.swift; path = CustomDateTransform.swift; sourceTree = "<group>"; };
		9AD22311208874EA007A2D8C /* CustomAlamofireManager.swift */ = {isa = PBXFileReference; lastKnownFileType = sourcecode.swift; path = CustomAlamofireManager.swift; sourceTree = "<group>"; };
		9BE78E7B57116E3BEFD028BA /* Pods-iCampusUITests.debug.xcconfig */ = {isa = PBXFileReference; includeInIndex = 1; lastKnownFileType = text.xcconfig; name = "Pods-iCampusUITests.debug.xcconfig"; path = "Pods/Target Support Files/Pods-iCampusUITests/Pods-iCampusUITests.debug.xcconfig"; sourceTree = "<group>"; };
		B241D887AEF472C98FD6B38E /* Pods-iCampusTests.release.xcconfig */ = {isa = PBXFileReference; includeInIndex = 1; lastKnownFileType = text.xcconfig; name = "Pods-iCampusTests.release.xcconfig"; path = "Pods/Target Support Files/Pods-iCampusTests/Pods-iCampusTests.release.xcconfig"; sourceTree = "<group>"; };
		D1EE9DBE2584D949FBE91E65 /* Pods_iCampusUITests.framework */ = {isa = PBXFileReference; explicitFileType = wrapper.framework; includeInIndex = 0; path = Pods_iCampusUITests.framework; sourceTree = BUILT_PRODUCTS_DIR; };
		E5D338614F1D37C43F7B1644 /* Pods-iCampus.debug.xcconfig */ = {isa = PBXFileReference; includeInIndex = 1; lastKnownFileType = text.xcconfig; name = "Pods-iCampus.debug.xcconfig"; path = "Pods/Target Support Files/Pods-iCampus/Pods-iCampus.debug.xcconfig"; sourceTree = "<group>"; };
		F74BD52C5F8ACD6A630A9179 /* Pods-iCampusUITests.release.xcconfig */ = {isa = PBXFileReference; includeInIndex = 1; lastKnownFileType = text.xcconfig; name = "Pods-iCampusUITests.release.xcconfig"; path = "Pods/Target Support Files/Pods-iCampusUITests/Pods-iCampusUITests.release.xcconfig"; sourceTree = "<group>"; };
		F863470D8C81AE25AD830206 /* Pods-iCampus.release.xcconfig */ = {isa = PBXFileReference; includeInIndex = 1; lastKnownFileType = text.xcconfig; name = "Pods-iCampus.release.xcconfig"; path = "Pods/Target Support Files/Pods-iCampus/Pods-iCampus.release.xcconfig"; sourceTree = "<group>"; };
/* End PBXFileReference section */

/* Begin PBXFrameworksBuildPhase section */
		9AD222B52079FD38007A2D8C /* Frameworks */ = {
			isa = PBXFrameworksBuildPhase;
			buildActionMask = 2147483647;
			files = (
				EFB8CECB09E2A0A24576A1AD /* Pods_iCampus.framework in Frameworks */,
			);
			runOnlyForDeploymentPostprocessing = 0;
		};
		9AD222CC2079FD39007A2D8C /* Frameworks */ = {
			isa = PBXFrameworksBuildPhase;
			buildActionMask = 2147483647;
			files = (
				AD5DE1D3EB2D6601B74D7CE2 /* Pods_iCampusTests.framework in Frameworks */,
			);
			runOnlyForDeploymentPostprocessing = 0;
		};
		9AD222D72079FD3A007A2D8C /* Frameworks */ = {
			isa = PBXFrameworksBuildPhase;
			buildActionMask = 2147483647;
			files = (
				795AD368C6D10972BCE1C85A /* Pods_iCampusUITests.framework in Frameworks */,
			);
			runOnlyForDeploymentPostprocessing = 0;
		};
/* End PBXFrameworksBuildPhase section */

/* Begin PBXGroup section */
		7532304720F75787320ABCAB /* Frameworks */ = {
			isa = PBXGroup;
			children = (
				169F48BAE3CC348754F70C2F /* Pods_iCampus.framework */,
				1E2FC3FADCA189CB17DA20D9 /* Pods_iCampusTests.framework */,
				D1EE9DBE2584D949FBE91E65 /* Pods_iCampusUITests.framework */,
			);
			name = Frameworks;
			sourceTree = "<group>";
		};
		9A375D0120936B19000A2446 /* Auth */ = {
			isa = PBXGroup;
			children = (
				9A375CDD208F87D1000A2446 /* SignupViewController.swift */,
				9A375CDB208F87AE000A2446 /* LoginViewController.swift */,
			);
			path = Auth;
			sourceTree = "<group>";
		};
		9A375D0220936B25000A2446 /* News */ = {
			isa = PBXGroup;
			children = (
				9A375CEF209216F4000A2446 /* NewsTableViewController.swift */,
				9A375D132095A9A8000A2446 /* NewsDetailTableViewController.swift */,
			);
			path = News;
			sourceTree = "<group>";
		};
		9A375D0320936B3D000A2446 /* Information */ = {
			isa = PBXGroup;
			children = (
				9AD22303208617FD007A2D8C /* InformationTableViewController.swift */,
				9A375CF92093030A000A2446 /* InformationDetailTableViewController.swift */,
				9A375D0F2094ECEE000A2446 /* InformationReminderTableViewController.swift */,
			);
			path = Information;
			sourceTree = "<group>";
		};
		9A375D0420936B47000A2446 /* Mine */ = {
			isa = PBXGroup;
			children = (
				9A375CE120906142000A2446 /* MineTableViewController.swift */,
				9A375CE92090BCCC000A2446 /* PersonalInformationTableViewController.swift */,
				9A375CEB2091C525000A2446 /* EditTableViewController.swift */,
				9A375CFF20936AF2000A2446 /* GradeTableViewController.swift */,
				9A375CF72093019B000A2446 /* RequestTableViewController.swift */,
				9A375D182095C761000A2446 /* AddRequestTableViewController.swift */,
				9A375CE320906B41000A2446 /* ConfigurationTableViewController.swift */,
			);
			path = Mine;
			sourceTree = "<group>";
		};
		9A375D172095B2E8000A2446 /* Transform */ = {
			isa = PBXGroup;
			children = (
				9AD2230D2086DDB2007A2D8C /* CustomDateTransform.swift */,
				9A375D1120958B85000A2446 /* RequestTypeTransform.swift */,
				9A375D152095B2DE000A2446 /* RequestStatusTransform.swift */,
			);
			path = Transform;
			sourceTree = "<group>";
		};
		9AD222AF2079FD38007A2D8C = {
			isa = PBXGroup;
			children = (
				9AD222BA2079FD38007A2D8C /* iCampus */,
				9AD222D22079FD39007A2D8C /* iCampusTests */,
				9AD222DD2079FD3A007A2D8C /* iCampusUITests */,
				9AD222B92079FD38007A2D8C /* Products */,
				D17A7949FE8AB360A0A5722F /* Pods */,
				7532304720F75787320ABCAB /* Frameworks */,
			);
			sourceTree = "<group>";
		};
		9AD222B92079FD38007A2D8C /* Products */ = {
			isa = PBXGroup;
			children = (
				9AD222B82079FD38007A2D8C /* iCampus.app */,
				9AD222CF2079FD39007A2D8C /* iCampusTests.xctest */,
				9AD222DA2079FD3A007A2D8C /* iCampusUITests.xctest */,
			);
			name = Products;
			sourceTree = "<group>";
		};
		9AD222BA2079FD38007A2D8C /* iCampus */ = {
			isa = PBXGroup;
			children = (
				9AD2230C2086DD83007A2D8C /* Util */,
				9AD223002085C6FA007A2D8C /* Plugin */,
				9AD222F6207DB982007A2D8C /* Extension */,
				9AD222F9207DBFAF007A2D8C /* ViewModel */,
				9AD222EF207B3870007A2D8C /* Controller */,
				9AD222EE207B386B007A2D8C /* View */,
				9AD222EC207B3816007A2D8C /* Model */,
				9AD222BB2079FD38007A2D8C /* AppDelegate.swift */,
				9AD222F4207DB278007A2D8C /* iCampusApi.swift */,
				9AD222BF2079FD38007A2D8C /* Main.storyboard */,
				9AD222C52079FD39007A2D8C /* Assets.xcassets */,
				9AD222C72079FD39007A2D8C /* LaunchScreen.storyboard */,
				9AD222CA2079FD39007A2D8C /* Info.plist */,
			);
			path = iCampus;
			sourceTree = "<group>";
		};
		9AD222D22079FD39007A2D8C /* iCampusTests */ = {
			isa = PBXGroup;
			children = (
				9AD222D32079FD39007A2D8C /* iCampusTests.swift */,
				9AD222D52079FD39007A2D8C /* Info.plist */,
			);
			path = iCampusTests;
			sourceTree = "<group>";
		};
		9AD222DD2079FD3A007A2D8C /* iCampusUITests */ = {
			isa = PBXGroup;
			children = (
				9AD222DE2079FD3A007A2D8C /* iCampusUITests.swift */,
				9AD222E02079FD3A007A2D8C /* Info.plist */,
			);
			path = iCampusUITests;
			sourceTree = "<group>";
		};
		9AD222EC207B3816007A2D8C /* Model */ = {
			isa = PBXGroup;
			children = (
				9A375CF12092CD50000A2446 /* News.swift */,
				9AD222FE2085B92B007A2D8C /* Information.swift */,
				9AD222F1207D0174007A2D8C /* Member.swift */,
				9A375D072093769A000A2446 /* Grade.swift */,
				9A375CF52093018C000A2446 /* Request.swift */,
			);
			path = Model;
			sourceTree = "<group>";
		};
		9AD222EE207B386B007A2D8C /* View */ = {
			isa = PBXGroup;
			children = (
				9A375CFD20936577000A2446 /* CardView.swift */,
			);
			path = View;
			sourceTree = "<group>";
		};
		9AD222EF207B3870007A2D8C /* Controller */ = {
			isa = PBXGroup;
			children = (
				9A375D0120936B19000A2446 /* Auth */,
				9A375D0220936B25000A2446 /* News */,
				9A375D0320936B3D000A2446 /* Information */,
				9A375D0420936B47000A2446 /* Mine */,
			);
			path = Controller;
			sourceTree = "<group>";
		};
		9AD222F6207DB982007A2D8C /* Extension */ = {
			isa = PBXGroup;
			children = (
				9AD222FC207DC0EE007A2D8C /* Observable+ObjectMapper.swift */,
				9A375CE52090B668000A2446 /* UIColor+Hex.swift */,
				9A375CFB20931760000A2446 /* EKEventStore+Event.swift */,
			);
			path = Extension;
			sourceTree = "<group>";
		};
		9AD222F9207DBFAF007A2D8C /* ViewModel */ = {
			isa = PBXGroup;
			children = (
				9A375D092093FE8E000A2446 /* NewsViewModel.swift */,
				9AD223052086180E007A2D8C /* InformationViewModel.swift */,
				9AD222FA207DBFE4007A2D8C /* MemberViewModel.swift */,
				9A375D05209375B7000A2446 /* GradeViewModel.swift */,
				9A375D0B2094043F000A2446 /* RequestViewModel.swift */,
			);
			path = ViewModel;
			sourceTree = "<group>";
		};
		9AD223002085C6FA007A2D8C /* Plugin */ = {
			isa = PBXGroup;
			children = (
				9AD223012085C706007A2D8C /* RequestAlertPlugin.swift */,
			);
			path = Plugin;
			sourceTree = "<group>";
		};
		9AD2230C2086DD83007A2D8C /* Util */ = {
			isa = PBXGroup;
			children = (
				9A375D172095B2E8000A2446 /* Transform */,
				9AD22311208874EA007A2D8C /* CustomAlamofireManager.swift */,
				9A375CDF209059E6000A2446 /* iCampusPersistence.swift */,
				9A375CE72090B862000A2446 /* iCampusError.swift */,
			);
			path = Util;
			sourceTree = "<group>";
		};
		D17A7949FE8AB360A0A5722F /* Pods */ = {
			isa = PBXGroup;
			children = (
				E5D338614F1D37C43F7B1644 /* Pods-iCampus.debug.xcconfig */,
				F863470D8C81AE25AD830206 /* Pods-iCampus.release.xcconfig */,
				093AC0DDF9FFF48833D0E326 /* Pods-iCampusTests.debug.xcconfig */,
				B241D887AEF472C98FD6B38E /* Pods-iCampusTests.release.xcconfig */,
				9BE78E7B57116E3BEFD028BA /* Pods-iCampusUITests.debug.xcconfig */,
				F74BD52C5F8ACD6A630A9179 /* Pods-iCampusUITests.release.xcconfig */,
			);
			name = Pods;
			sourceTree = "<group>";
		};
/* End PBXGroup section */

/* Begin PBXNativeTarget section */
		9AD222B72079FD38007A2D8C /* iCampus */ = {
			isa = PBXNativeTarget;
			buildConfigurationList = 9AD222E32079FD3A007A2D8C /* Build configuration list for PBXNativeTarget "iCampus" */;
			buildPhases = (
				697F7F2C3F0E2FEB3CF0D27D /* [CP] Check Pods Manifest.lock */,
				9AD222B42079FD38007A2D8C /* Sources */,
				9AD222B52079FD38007A2D8C /* Frameworks */,
				9AD222B62079FD38007A2D8C /* Resources */,
				AE1CD9ECED4694511597D960 /* [CP] Embed Pods Frameworks */,
				9AD222F0207B4DA5007A2D8C /* SwiftLint */,
			);
			buildRules = (
			);
			dependencies = (
			);
			name = iCampus;
			productName = iCampus;
			productReference = 9AD222B82079FD38007A2D8C /* iCampus.app */;
			productType = "com.apple.product-type.application";
		};
		9AD222CE2079FD39007A2D8C /* iCampusTests */ = {
			isa = PBXNativeTarget;
			buildConfigurationList = 9AD222E62079FD3A007A2D8C /* Build configuration list for PBXNativeTarget "iCampusTests" */;
			buildPhases = (
				E41F798A4C17A8DD7E38D032 /* [CP] Check Pods Manifest.lock */,
				9AD222CB2079FD39007A2D8C /* Sources */,
				9AD222CC2079FD39007A2D8C /* Frameworks */,
				9AD222CD2079FD39007A2D8C /* Resources */,
				951D0A2661ACE2F4D07981D3 /* [CP] Embed Pods Frameworks */,
			);
			buildRules = (
			);
			dependencies = (
				9AD222D12079FD39007A2D8C /* PBXTargetDependency */,
			);
			name = iCampusTests;
			productName = iCampusTests;
			productReference = 9AD222CF2079FD39007A2D8C /* iCampusTests.xctest */;
			productType = "com.apple.product-type.bundle.unit-test";
		};
		9AD222D92079FD3A007A2D8C /* iCampusUITests */ = {
			isa = PBXNativeTarget;
			buildConfigurationList = 9AD222E92079FD3A007A2D8C /* Build configuration list for PBXNativeTarget "iCampusUITests" */;
			buildPhases = (
				17FBD028D4BD58E955840D11 /* [CP] Check Pods Manifest.lock */,
				9AD222D62079FD3A007A2D8C /* Sources */,
				9AD222D72079FD3A007A2D8C /* Frameworks */,
				9AD222D82079FD3A007A2D8C /* Resources */,
			);
			buildRules = (
			);
			dependencies = (
				9AD222DC2079FD3A007A2D8C /* PBXTargetDependency */,
			);
			name = iCampusUITests;
			productName = iCampusUITests;
			productReference = 9AD222DA2079FD3A007A2D8C /* iCampusUITests.xctest */;
			productType = "com.apple.product-type.bundle.ui-testing";
		};
/* End PBXNativeTarget section */

/* Begin PBXProject section */
		9AD222B02079FD38007A2D8C /* Project object */ = {
			isa = PBXProject;
			attributes = {
				LastSwiftUpdateCheck = 0930;
				LastUpgradeCheck = 0930;
				ORGANIZATIONNAME = "Yuchen Cheng";
				TargetAttributes = {
					9AD222B72079FD38007A2D8C = {
						CreatedOnToolsVersion = 9.3;
					};
					9AD222CE2079FD39007A2D8C = {
						CreatedOnToolsVersion = 9.3;
						TestTargetID = 9AD222B72079FD38007A2D8C;
					};
					9AD222D92079FD3A007A2D8C = {
						CreatedOnToolsVersion = 9.3;
						TestTargetID = 9AD222B72079FD38007A2D8C;
					};
				};
			};
			buildConfigurationList = 9AD222B32079FD38007A2D8C /* Build configuration list for PBXProject "iCampus" */;
			compatibilityVersion = "Xcode 9.3";
			developmentRegion = en;
			hasScannedForEncodings = 0;
			knownRegions = (
				en,
				Base,
			);
			mainGroup = 9AD222AF2079FD38007A2D8C;
			productRefGroup = 9AD222B92079FD38007A2D8C /* Products */;
			projectDirPath = "";
			projectRoot = "";
			targets = (
				9AD222B72079FD38007A2D8C /* iCampus */,
				9AD222CE2079FD39007A2D8C /* iCampusTests */,
				9AD222D92079FD3A007A2D8C /* iCampusUITests */,
			);
		};
/* End PBXProject section */

/* Begin PBXResourcesBuildPhase section */
		9AD222B62079FD38007A2D8C /* Resources */ = {
			isa = PBXResourcesBuildPhase;
			buildActionMask = 2147483647;
			files = (
				9AD222C92079FD39007A2D8C /* LaunchScreen.storyboard in Resources */,
				9AD222C62079FD39007A2D8C /* Assets.xcassets in Resources */,
				9AD222C12079FD38007A2D8C /* Main.storyboard in Resources */,
			);
			runOnlyForDeploymentPostprocessing = 0;
		};
		9AD222CD2079FD39007A2D8C /* Resources */ = {
			isa = PBXResourcesBuildPhase;
			buildActionMask = 2147483647;
			files = (
			);
			runOnlyForDeploymentPostprocessing = 0;
		};
		9AD222D82079FD3A007A2D8C /* Resources */ = {
			isa = PBXResourcesBuildPhase;
			buildActionMask = 2147483647;
			files = (
			);
			runOnlyForDeploymentPostprocessing = 0;
		};
/* End PBXResourcesBuildPhase section */

/* Begin PBXShellScriptBuildPhase section */
		17FBD028D4BD58E955840D11 /* [CP] Check Pods Manifest.lock */ = {
			isa = PBXShellScriptBuildPhase;
			buildActionMask = 2147483647;
			files = (
			);
			inputPaths = (
				"${PODS_PODFILE_DIR_PATH}/Podfile.lock",
				"${PODS_ROOT}/Manifest.lock",
			);
			name = "[CP] Check Pods Manifest.lock";
			outputPaths = (
				"$(DERIVED_FILE_DIR)/Pods-iCampusUITests-checkManifestLockResult.txt",
			);
			runOnlyForDeploymentPostprocessing = 0;
			shellPath = /bin/sh;
			shellScript = "diff \"${PODS_PODFILE_DIR_PATH}/Podfile.lock\" \"${PODS_ROOT}/Manifest.lock\" > /dev/null\nif [ $? != 0 ] ; then\n    # print error to STDERR\n    echo \"error: The sandbox is not in sync with the Podfile.lock. Run 'pod install' or update your CocoaPods installation.\" >&2\n    exit 1\nfi\n# This output is used by Xcode 'outputs' to avoid re-running this script phase.\necho \"SUCCESS\" > \"${SCRIPT_OUTPUT_FILE_0}\"\n";
			showEnvVarsInLog = 0;
		};
		697F7F2C3F0E2FEB3CF0D27D /* [CP] Check Pods Manifest.lock */ = {
			isa = PBXShellScriptBuildPhase;
			buildActionMask = 2147483647;
			files = (
			);
			inputPaths = (
				"${PODS_PODFILE_DIR_PATH}/Podfile.lock",
				"${PODS_ROOT}/Manifest.lock",
			);
			name = "[CP] Check Pods Manifest.lock";
			outputPaths = (
				"$(DERIVED_FILE_DIR)/Pods-iCampus-checkManifestLockResult.txt",
			);
			runOnlyForDeploymentPostprocessing = 0;
			shellPath = /bin/sh;
			shellScript = "diff \"${PODS_PODFILE_DIR_PATH}/Podfile.lock\" \"${PODS_ROOT}/Manifest.lock\" > /dev/null\nif [ $? != 0 ] ; then\n    # print error to STDERR\n    echo \"error: The sandbox is not in sync with the Podfile.lock. Run 'pod install' or update your CocoaPods installation.\" >&2\n    exit 1\nfi\n# This output is used by Xcode 'outputs' to avoid re-running this script phase.\necho \"SUCCESS\" > \"${SCRIPT_OUTPUT_FILE_0}\"\n";
			showEnvVarsInLog = 0;
		};
		951D0A2661ACE2F4D07981D3 /* [CP] Embed Pods Frameworks */ = {
			isa = PBXShellScriptBuildPhase;
			buildActionMask = 2147483647;
			files = (
			);
			inputPaths = (
				"${SRCROOT}/Pods/Target Support Files/Pods-iCampusTests/Pods-iCampusTests-frameworks.sh",
				"${BUILT_PRODUCTS_DIR}/RxSwift/RxSwift.framework",
				"${BUILT_PRODUCTS_DIR}/RxBlocking/RxBlocking.framework",
				"${BUILT_PRODUCTS_DIR}/RxTest/RxTest.framework",
			);
			name = "[CP] Embed Pods Frameworks";
			outputPaths = (
				"${TARGET_BUILD_DIR}/${FRAMEWORKS_FOLDER_PATH}/RxSwift.framework",
				"${TARGET_BUILD_DIR}/${FRAMEWORKS_FOLDER_PATH}/RxBlocking.framework",
				"${TARGET_BUILD_DIR}/${FRAMEWORKS_FOLDER_PATH}/RxTest.framework",
			);
			runOnlyForDeploymentPostprocessing = 0;
			shellPath = /bin/sh;
			shellScript = "\"${SRCROOT}/Pods/Target Support Files/Pods-iCampusTests/Pods-iCampusTests-frameworks.sh\"\n";
			showEnvVarsInLog = 0;
		};
		9AD222F0207B4DA5007A2D8C /* SwiftLint */ = {
			isa = PBXShellScriptBuildPhase;
			buildActionMask = 2147483647;
			files = (
			);
			inputPaths = (
			);
			name = SwiftLint;
			outputPaths = (
			);
			runOnlyForDeploymentPostprocessing = 0;
			shellPath = /bin/sh;
			shellScript = "\"${PODS_ROOT}/SwiftLint/swiftlint\"";
		};
		AE1CD9ECED4694511597D960 /* [CP] Embed Pods Frameworks */ = {
			isa = PBXShellScriptBuildPhase;
			buildActionMask = 2147483647;
			files = (
			);
			inputPaths = (
				"${SRCROOT}/Pods/Target Support Files/Pods-iCampus/Pods-iCampus-frameworks.sh",
				"${BUILT_PRODUCTS_DIR}/Alamofire/Alamofire.framework",
				"${BUILT_PRODUCTS_DIR}/CryptoSwift/CryptoSwift.framework",
				"${BUILT_PRODUCTS_DIR}/Differentiator/Differentiator.framework",
				"${BUILT_PRODUCTS_DIR}/IKEventSource/IKEventSource.framework",
				"${BUILT_PRODUCTS_DIR}/KeychainAccess/KeychainAccess.framework",
				"${BUILT_PRODUCTS_DIR}/Moya/Moya.framework",
				"${BUILT_PRODUCTS_DIR}/ObjectMapper/ObjectMapper.framework",
				"${BUILT_PRODUCTS_DIR}/PKHUD/PKHUD.framework",
				"${BUILT_PRODUCTS_DIR}/Result/Result.framework",
				"${BUILT_PRODUCTS_DIR}/RxCocoa/RxCocoa.framework",
				"${BUILT_PRODUCTS_DIR}/RxDataSources/RxDataSources.framework",
				"${BUILT_PRODUCTS_DIR}/RxSwift/RxSwift.framework",
			);
			name = "[CP] Embed Pods Frameworks";
			outputPaths = (
				"${TARGET_BUILD_DIR}/${FRAMEWORKS_FOLDER_PATH}/Alamofire.framework",
				"${TARGET_BUILD_DIR}/${FRAMEWORKS_FOLDER_PATH}/CryptoSwift.framework",
				"${TARGET_BUILD_DIR}/${FRAMEWORKS_FOLDER_PATH}/Differentiator.framework",
				"${TARGET_BUILD_DIR}/${FRAMEWORKS_FOLDER_PATH}/IKEventSource.framework",
				"${TARGET_BUILD_DIR}/${FRAMEWORKS_FOLDER_PATH}/KeychainAccess.framework",
				"${TARGET_BUILD_DIR}/${FRAMEWORKS_FOLDER_PATH}/Moya.framework",
				"${TARGET_BUILD_DIR}/${FRAMEWORKS_FOLDER_PATH}/ObjectMapper.framework",
				"${TARGET_BUILD_DIR}/${FRAMEWORKS_FOLDER_PATH}/PKHUD.framework",
				"${TARGET_BUILD_DIR}/${FRAMEWORKS_FOLDER_PATH}/Result.framework",
				"${TARGET_BUILD_DIR}/${FRAMEWORKS_FOLDER_PATH}/RxCocoa.framework",
				"${TARGET_BUILD_DIR}/${FRAMEWORKS_FOLDER_PATH}/RxDataSources.framework",
				"${TARGET_BUILD_DIR}/${FRAMEWORKS_FOLDER_PATH}/RxSwift.framework",
			);
			runOnlyForDeploymentPostprocessing = 0;
			shellPath = /bin/sh;
			shellScript = "\"${SRCROOT}/Pods/Target Support Files/Pods-iCampus/Pods-iCampus-frameworks.sh\"\n";
			showEnvVarsInLog = 0;
		};
		E41F798A4C17A8DD7E38D032 /* [CP] Check Pods Manifest.lock */ = {
			isa = PBXShellScriptBuildPhase;
			buildActionMask = 2147483647;
			files = (
			);
			inputPaths = (
				"${PODS_PODFILE_DIR_PATH}/Podfile.lock",
				"${PODS_ROOT}/Manifest.lock",
			);
			name = "[CP] Check Pods Manifest.lock";
			outputPaths = (
				"$(DERIVED_FILE_DIR)/Pods-iCampusTests-checkManifestLockResult.txt",
			);
			runOnlyForDeploymentPostprocessing = 0;
			shellPath = /bin/sh;
			shellScript = "diff \"${PODS_PODFILE_DIR_PATH}/Podfile.lock\" \"${PODS_ROOT}/Manifest.lock\" > /dev/null\nif [ $? != 0 ] ; then\n    # print error to STDERR\n    echo \"error: The sandbox is not in sync with the Podfile.lock. Run 'pod install' or update your CocoaPods installation.\" >&2\n    exit 1\nfi\n# This output is used by Xcode 'outputs' to avoid re-running this script phase.\necho \"SUCCESS\" > \"${SCRIPT_OUTPUT_FILE_0}\"\n";
			showEnvVarsInLog = 0;
		};
/* End PBXShellScriptBuildPhase section */

/* Begin PBXSourcesBuildPhase section */
		9AD222B42079FD38007A2D8C /* Sources */ = {
			isa = PBXSourcesBuildPhase;
			buildActionMask = 2147483647;
			files = (
				9A375CDC208F87AE000A2446 /* LoginViewController.swift in Sources */,
				9A375CF62093018C000A2446 /* Request.swift in Sources */,
				9A375D0020936AF2000A2446 /* GradeTableViewController.swift in Sources */,
				9A375D102094ECEE000A2446 /* InformationReminderTableViewController.swift in Sources */,
				9A375D0C2094043F000A2446 /* RequestViewModel.swift in Sources */,
				9A375CF22092CD50000A2446 /* News.swift in Sources */,
				9A375CE82090B862000A2446 /* iCampusError.swift in Sources */,
				9A375CE0209059E6000A2446 /* iCampusPersistence.swift in Sources */,
				9A375D06209375B7000A2446 /* GradeViewModel.swift in Sources */,
				9AD222FD207DC0EE007A2D8C /* Observable+ObjectMapper.swift in Sources */,
				9AD22312208874EA007A2D8C /* CustomAlamofireManager.swift in Sources */,
				9A375CF82093019B000A2446 /* RequestTableViewController.swift in Sources */,
				9AD22304208617FD007A2D8C /* InformationTableViewController.swift in Sources */,
				9AD223022085C706007A2D8C /* RequestAlertPlugin.swift in Sources */,
				9AD222FF2085B92B007A2D8C /* Information.swift in Sources */,
				9A375CEA2090BCCC000A2446 /* PersonalInformationTableViewController.swift in Sources */,
				9AD222BC2079FD38007A2D8C /* AppDelegate.swift in Sources */,
				9AD222FB207DBFE4007A2D8C /* MemberViewModel.swift in Sources */,
				9A375CFE20936577000A2446 /* CardView.swift in Sources */,
				9A375CFC20931760000A2446 /* EKEventStore+Event.swift in Sources */,
				9A375D192095C761000A2446 /* AddRequestTableViewController.swift in Sources */,
				9A375CFA2093030A000A2446 /* InformationDetailTableViewController.swift in Sources */,
				9A375D082093769A000A2446 /* Grade.swift in Sources */,
				9A375D142095A9A8000A2446 /* NewsDetailTableViewController.swift in Sources */,
				9AD222F2207D0174007A2D8C /* Member.swift in Sources */,
				9AD222F5207DB278007A2D8C /* iCampusApi.swift in Sources */,
				9A375CE420906B41000A2446 /* ConfigurationTableViewController.swift in Sources */,
				9A375D0A2093FE8E000A2446 /* NewsViewModel.swift in Sources */,
				9A375CF0209216F4000A2446 /* NewsTableViewController.swift in Sources */,
				9A375D162095B2DE000A2446 /* RequestStatusTransform.swift in Sources */,
				9AD2230E2086DDB2007A2D8C /* CustomDateTransform.swift in Sources */,
				9A375CE62090B668000A2446 /* UIColor+Hex.swift in Sources */,
				9A375CEC2091C525000A2446 /* EditTableViewController.swift in Sources */,
				9A375CE220906142000A2446 /* MineTableViewController.swift in Sources */,
				9A375CDE208F87D1000A2446 /* SignupViewController.swift in Sources */,
				9A375D1220958B85000A2446 /* RequestTypeTransform.swift in Sources */,
				9AD223062086180E007A2D8C /* InformationViewModel.swift in Sources */,
			);
			runOnlyForDeploymentPostprocessing = 0;
		};
		9AD222CB2079FD39007A2D8C /* Sources */ = {
			isa = PBXSourcesBuildPhase;
			buildActionMask = 2147483647;
			files = (
				9AD222D42079FD39007A2D8C /* iCampusTests.swift in Sources */,
			);
			runOnlyForDeploymentPostprocessing = 0;
		};
		9AD222D62079FD3A007A2D8C /* Sources */ = {
			isa = PBXSourcesBuildPhase;
			buildActionMask = 2147483647;
			files = (
				9AD222DF2079FD3A007A2D8C /* iCampusUITests.swift in Sources */,
			);
			runOnlyForDeploymentPostprocessing = 0;
		};
/* End PBXSourcesBuildPhase section */

/* Begin PBXTargetDependency section */
		9AD222D12079FD39007A2D8C /* PBXTargetDependency */ = {
			isa = PBXTargetDependency;
			target = 9AD222B72079FD38007A2D8C /* iCampus */;
			targetProxy = 9AD222D02079FD39007A2D8C /* PBXContainerItemProxy */;
		};
		9AD222DC2079FD3A007A2D8C /* PBXTargetDependency */ = {
			isa = PBXTargetDependency;
			target = 9AD222B72079FD38007A2D8C /* iCampus */;
			targetProxy = 9AD222DB2079FD3A007A2D8C /* PBXContainerItemProxy */;
		};
/* End PBXTargetDependency section */

/* Begin PBXVariantGroup section */
		9AD222BF2079FD38007A2D8C /* Main.storyboard */ = {
			isa = PBXVariantGroup;
			children = (
				9AD222C02079FD38007A2D8C /* Base */,
			);
			name = Main.storyboard;
			sourceTree = "<group>";
		};
		9AD222C72079FD39007A2D8C /* LaunchScreen.storyboard */ = {
			isa = PBXVariantGroup;
			children = (
				9AD222C82079FD39007A2D8C /* Base */,
			);
			name = LaunchScreen.storyboard;
			sourceTree = "<group>";
		};
/* End PBXVariantGroup section */

/* Begin XCBuildConfiguration section */
		9AD222E12079FD3A007A2D8C /* Debug */ = {
			isa = XCBuildConfiguration;
			buildSettings = {
				ALWAYS_SEARCH_USER_PATHS = NO;
				CLANG_ANALYZER_NONNULL = YES;
				CLANG_ANALYZER_NUMBER_OBJECT_CONVERSION = YES_AGGRESSIVE;
				CLANG_CXX_LANGUAGE_STANDARD = "gnu++14";
				CLANG_CXX_LIBRARY = "libc++";
				CLANG_ENABLE_MODULES = YES;
				CLANG_ENABLE_OBJC_ARC = YES;
				CLANG_ENABLE_OBJC_WEAK = YES;
				CLANG_WARN_BLOCK_CAPTURE_AUTORELEASING = YES;
				CLANG_WARN_BOOL_CONVERSION = YES;
				CLANG_WARN_COMMA = YES;
				CLANG_WARN_CONSTANT_CONVERSION = YES;
				CLANG_WARN_DEPRECATED_OBJC_IMPLEMENTATIONS = YES;
				CLANG_WARN_DIRECT_OBJC_ISA_USAGE = YES_ERROR;
				CLANG_WARN_DOCUMENTATION_COMMENTS = YES;
				CLANG_WARN_EMPTY_BODY = YES;
				CLANG_WARN_ENUM_CONVERSION = YES;
				CLANG_WARN_INFINITE_RECURSION = YES;
				CLANG_WARN_INT_CONVERSION = YES;
				CLANG_WARN_NON_LITERAL_NULL_CONVERSION = YES;
				CLANG_WARN_OBJC_IMPLICIT_RETAIN_SELF = YES;
				CLANG_WARN_OBJC_LITERAL_CONVERSION = YES;
				CLANG_WARN_OBJC_ROOT_CLASS = YES_ERROR;
				CLANG_WARN_RANGE_LOOP_ANALYSIS = YES;
				CLANG_WARN_STRICT_PROTOTYPES = YES;
				CLANG_WARN_SUSPICIOUS_MOVE = YES;
				CLANG_WARN_UNGUARDED_AVAILABILITY = YES_AGGRESSIVE;
				CLANG_WARN_UNREACHABLE_CODE = YES;
				CLANG_WARN__DUPLICATE_METHOD_MATCH = YES;
				CODE_SIGN_IDENTITY = "iPhone Developer";
				COPY_PHASE_STRIP = NO;
				DEBUG_INFORMATION_FORMAT = dwarf;
				ENABLE_STRICT_OBJC_MSGSEND = YES;
				ENABLE_TESTABILITY = YES;
				GCC_C_LANGUAGE_STANDARD = gnu11;
				GCC_DYNAMIC_NO_PIC = NO;
				GCC_NO_COMMON_BLOCKS = YES;
				GCC_OPTIMIZATION_LEVEL = 0;
				GCC_PREPROCESSOR_DEFINITIONS = (
					"DEBUG=1",
					"$(inherited)",
				);
				GCC_WARN_64_TO_32_BIT_CONVERSION = YES;
				GCC_WARN_ABOUT_RETURN_TYPE = YES_ERROR;
				GCC_WARN_UNDECLARED_SELECTOR = YES;
				GCC_WARN_UNINITIALIZED_AUTOS = YES_AGGRESSIVE;
				GCC_WARN_UNUSED_FUNCTION = YES;
				GCC_WARN_UNUSED_VARIABLE = YES;
				IPHONEOS_DEPLOYMENT_TARGET = 10.0;
				MTL_ENABLE_DEBUG_INFO = YES;
				ONLY_ACTIVE_ARCH = YES;
				SDKROOT = iphoneos;
				SWIFT_ACTIVE_COMPILATION_CONDITIONS = DEBUG;
				SWIFT_OPTIMIZATION_LEVEL = "-Onone";
			};
			name = Debug;
		};
		9AD222E22079FD3A007A2D8C /* Release */ = {
			isa = XCBuildConfiguration;
			buildSettings = {
				ALWAYS_SEARCH_USER_PATHS = NO;
				CLANG_ANALYZER_NONNULL = YES;
				CLANG_ANALYZER_NUMBER_OBJECT_CONVERSION = YES_AGGRESSIVE;
				CLANG_CXX_LANGUAGE_STANDARD = "gnu++14";
				CLANG_CXX_LIBRARY = "libc++";
				CLANG_ENABLE_MODULES = YES;
				CLANG_ENABLE_OBJC_ARC = YES;
				CLANG_ENABLE_OBJC_WEAK = YES;
				CLANG_WARN_BLOCK_CAPTURE_AUTORELEASING = YES;
				CLANG_WARN_BOOL_CONVERSION = YES;
				CLANG_WARN_COMMA = YES;
				CLANG_WARN_CONSTANT_CONVERSION = YES;
				CLANG_WARN_DEPRECATED_OBJC_IMPLEMENTATIONS = YES;
				CLANG_WARN_DIRECT_OBJC_ISA_USAGE = YES_ERROR;
				CLANG_WARN_DOCUMENTATION_COMMENTS = YES;
				CLANG_WARN_EMPTY_BODY = YES;
				CLANG_WARN_ENUM_CONVERSION = YES;
				CLANG_WARN_INFINITE_RECURSION = YES;
				CLANG_WARN_INT_CONVERSION = YES;
				CLANG_WARN_NON_LITERAL_NULL_CONVERSION = YES;
				CLANG_WARN_OBJC_IMPLICIT_RETAIN_SELF = YES;
				CLANG_WARN_OBJC_LITERAL_CONVERSION = YES;
				CLANG_WARN_OBJC_ROOT_CLASS = YES_ERROR;
				CLANG_WARN_RANGE_LOOP_ANALYSIS = YES;
				CLANG_WARN_STRICT_PROTOTYPES = YES;
				CLANG_WARN_SUSPICIOUS_MOVE = YES;
				CLANG_WARN_UNGUARDED_AVAILABILITY = YES_AGGRESSIVE;
				CLANG_WARN_UNREACHABLE_CODE = YES;
				CLANG_WARN__DUPLICATE_METHOD_MATCH = YES;
				CODE_SIGN_IDENTITY = "iPhone Developer";
				COPY_PHASE_STRIP = NO;
				DEBUG_INFORMATION_FORMAT = "dwarf-with-dsym";
				ENABLE_NS_ASSERTIONS = NO;
				ENABLE_STRICT_OBJC_MSGSEND = YES;
				GCC_C_LANGUAGE_STANDARD = gnu11;
				GCC_NO_COMMON_BLOCKS = YES;
				GCC_WARN_64_TO_32_BIT_CONVERSION = YES;
				GCC_WARN_ABOUT_RETURN_TYPE = YES_ERROR;
				GCC_WARN_UNDECLARED_SELECTOR = YES;
				GCC_WARN_UNINITIALIZED_AUTOS = YES_AGGRESSIVE;
				GCC_WARN_UNUSED_FUNCTION = YES;
				GCC_WARN_UNUSED_VARIABLE = YES;
				IPHONEOS_DEPLOYMENT_TARGET = 10.0;
				MTL_ENABLE_DEBUG_INFO = NO;
				SDKROOT = iphoneos;
				SWIFT_COMPILATION_MODE = wholemodule;
				SWIFT_OPTIMIZATION_LEVEL = "-O";
				VALIDATE_PRODUCT = YES;
			};
			name = Release;
		};
		9AD222E42079FD3A007A2D8C /* Debug */ = {
			isa = XCBuildConfiguration;
			baseConfigurationReference = E5D338614F1D37C43F7B1644 /* Pods-iCampus.debug.xcconfig */;
			buildSettings = {
				ASSETCATALOG_COMPILER_APPICON_NAME = AppIcon;
				CODE_SIGN_STYLE = Automatic;
				DEVELOPMENT_TEAM = WA2YZKB5GB;
				INFOPLIST_FILE = iCampus/Info.plist;
				LD_RUNPATH_SEARCH_PATHS = (
					"$(inherited)",
					"@executable_path/Frameworks",
				);
				PRODUCT_BUNDLE_IDENTIFIER = com.rudeigerc.iCampus;
				PRODUCT_NAME = "$(TARGET_NAME)";
				SWIFT_VERSION = 4.0;
				TARGETED_DEVICE_FAMILY = "1,2";
			};
			name = Debug;
		};
		9AD222E52079FD3A007A2D8C /* Release */ = {
			isa = XCBuildConfiguration;
			baseConfigurationReference = F863470D8C81AE25AD830206 /* Pods-iCampus.release.xcconfig */;
			buildSettings = {
				ASSETCATALOG_COMPILER_APPICON_NAME = AppIcon;
				CODE_SIGN_STYLE = Automatic;
				DEVELOPMENT_TEAM = WA2YZKB5GB;
				INFOPLIST_FILE = iCampus/Info.plist;
				LD_RUNPATH_SEARCH_PATHS = (
					"$(inherited)",
					"@executable_path/Frameworks",
				);
				PRODUCT_BUNDLE_IDENTIFIER = com.rudeigerc.iCampus;
				PRODUCT_NAME = "$(TARGET_NAME)";
				SWIFT_VERSION = 4.0;
				TARGETED_DEVICE_FAMILY = "1,2";
			};
			name = Release;
		};
		9AD222E72079FD3A007A2D8C /* Debug */ = {
			isa = XCBuildConfiguration;
			baseConfigurationReference = 093AC0DDF9FFF48833D0E326 /* Pods-iCampusTests.debug.xcconfig */;
			buildSettings = {
				ALWAYS_EMBED_SWIFT_STANDARD_LIBRARIES = "$(inherited)";
				BUNDLE_LOADER = "$(TEST_HOST)";
				CODE_SIGN_STYLE = Automatic;
				DEVELOPMENT_TEAM = WA2YZKB5GB;
				INFOPLIST_FILE = iCampusTests/Info.plist;
				LD_RUNPATH_SEARCH_PATHS = (
					"$(inherited)",
					"@executable_path/Frameworks",
					"@loader_path/Frameworks",
				);
				PRODUCT_BUNDLE_IDENTIFIER = com.rudeigerc.iCampusTests;
				PRODUCT_NAME = "$(TARGET_NAME)";
				SWIFT_VERSION = 4.0;
				TARGETED_DEVICE_FAMILY = "1,2";
				TEST_HOST = "$(BUILT_PRODUCTS_DIR)/iCampus.app/iCampus";
			};
			name = Debug;
		};
		9AD222E82079FD3A007A2D8C /* Release */ = {
			isa = XCBuildConfiguration;
			baseConfigurationReference = B241D887AEF472C98FD6B38E /* Pods-iCampusTests.release.xcconfig */;
			buildSettings = {
				ALWAYS_EMBED_SWIFT_STANDARD_LIBRARIES = "$(inherited)";
				BUNDLE_LOADER = "$(TEST_HOST)";
				CODE_SIGN_STYLE = Automatic;
				DEVELOPMENT_TEAM = WA2YZKB5GB;
				INFOPLIST_FILE = iCampusTests/Info.plist;
				LD_RUNPATH_SEARCH_PATHS = (
					"$(inherited)",
					"@executable_path/Frameworks",
					"@loader_path/Frameworks",
				);
				PRODUCT_BUNDLE_IDENTIFIER = com.rudeigerc.iCampusTests;
				PRODUCT_NAME = "$(TARGET_NAME)";
				SWIFT_VERSION = 4.0;
				TARGETED_DEVICE_FAMILY = "1,2";
				TEST_HOST = "$(BUILT_PRODUCTS_DIR)/iCampus.app/iCampus";
			};
			name = Release;
		};
		9AD222EA2079FD3A007A2D8C /* Debug */ = {
			isa = XCBuildConfiguration;
			baseConfigurationReference = 9BE78E7B57116E3BEFD028BA /* Pods-iCampusUITests.debug.xcconfig */;
			buildSettings = {
				ALWAYS_EMBED_SWIFT_STANDARD_LIBRARIES = YES;
				CODE_SIGN_STYLE = Automatic;
				DEVELOPMENT_TEAM = WA2YZKB5GB;
				INFOPLIST_FILE = iCampusUITests/Info.plist;
				LD_RUNPATH_SEARCH_PATHS = (
					"$(inherited)",
					"@executable_path/Frameworks",
					"@loader_path/Frameworks",
				);
				PRODUCT_BUNDLE_IDENTIFIER = com.rudeigerc.iCampusUITests;
				PRODUCT_NAME = "$(TARGET_NAME)";
				SWIFT_VERSION = 4.0;
				TARGETED_DEVICE_FAMILY = "1,2";
				TEST_TARGET_NAME = iCampus;
			};
			name = Debug;
		};
		9AD222EB2079FD3A007A2D8C /* Release */ = {
			isa = XCBuildConfiguration;
			baseConfigurationReference = F74BD52C5F8ACD6A630A9179 /* Pods-iCampusUITests.release.xcconfig */;
			buildSettings = {
				ALWAYS_EMBED_SWIFT_STANDARD_LIBRARIES = YES;
				CODE_SIGN_STYLE = Automatic;
				DEVELOPMENT_TEAM = WA2YZKB5GB;
				INFOPLIST_FILE = iCampusUITests/Info.plist;
				LD_RUNPATH_SEARCH_PATHS = (
					"$(inherited)",
					"@executable_path/Frameworks",
					"@loader_path/Frameworks",
				);
				PRODUCT_BUNDLE_IDENTIFIER = com.rudeigerc.iCampusUITests;
				PRODUCT_NAME = "$(TARGET_NAME)";
				SWIFT_VERSION = 4.0;
				TARGETED_DEVICE_FAMILY = "1,2";
				TEST_TARGET_NAME = iCampus;
			};
			name = Release;
		};
/* End XCBuildConfiguration section */

/* Begin XCConfigurationList section */
		9AD222B32079FD38007A2D8C /* Build configuration list for PBXProject "iCampus" */ = {
			isa = XCConfigurationList;
			buildConfigurations = (
				9AD222E12079FD3A007A2D8C /* Debug */,
				9AD222E22079FD3A007A2D8C /* Release */,
			);
			defaultConfigurationIsVisible = 0;
			defaultConfigurationName = Release;
		};
		9AD222E32079FD3A007A2D8C /* Build configuration list for PBXNativeTarget "iCampus" */ = {
			isa = XCConfigurationList;
			buildConfigurations = (
				9AD222E42079FD3A007A2D8C /* Debug */,
				9AD222E52079FD3A007A2D8C /* Release */,
			);
			defaultConfigurationIsVisible = 0;
			defaultConfigurationName = Release;
		};
		9AD222E62079FD3A007A2D8C /* Build configuration list for PBXNativeTarget "iCampusTests" */ = {
			isa = XCConfigurationList;
			buildConfigurations = (
				9AD222E72079FD3A007A2D8C /* Debug */,
				9AD222E82079FD3A007A2D8C /* Release */,
			);
			defaultConfigurationIsVisible = 0;
			defaultConfigurationName = Release;
		};
		9AD222E92079FD3A007A2D8C /* Build configuration list for PBXNativeTarget "iCampusUITests" */ = {
			isa = XCConfigurationList;
			buildConfigurations = (
				9AD222EA2079FD3A007A2D8C /* Debug */,
				9AD222EB2079FD3A007A2D8C /* Release */,
			);
			defaultConfigurationIsVisible = 0;
			defaultConfigurationName = Release;
		};
/* End XCConfigurationList section */
	};
	rootObject = 9AD222B02079FD38007A2D8C /* Project object */;
}
