PODS:
  - Alamofire (4.7.2)
  - CryptoSwift (0.9.0)
  - Differentiator (3.0.2)
  - IKEventSource (2.1.0)
  - Moya/Core (11.0.2):
    - Alamofire (~> 4.1)
    - Result (~> 3.0)
  - Moya/RxSwift (11.0.2):
    - Moya/Core
    - RxSwift (~> 4.0)
  - ObjectMapper (3.1.0)
  - PKHUD (5.0.0)
  - Result (3.2.4)
  - RxBlocking (4.1.2):
    - RxSwift (~> 4.0)
  - RxCocoa (4.1.2):
    - RxSwift (~> 4.0)
  - RxDataSources (3.0.2):
    - Differentiator (~> 3.0)
    - RxCocoa (~> 4.0)
    - RxSwift (~> 4.0)
  - RxSwift (4.1.2)
  - RxTest (4.1.2):
    - RxSwift (~> 4.0)
  - SwiftLint (0.25.1)

DEPENDENCIES:
  - CryptoSwift
  - IKEventSource (from `https://github.com/inaka/EventSource.git`)
  - Moya/RxSwift
  - ObjectMapper
  - PKHUD (~> 5.0)
  - RxBlocking
  - RxCocoa
  - RxDataSources
  - RxSwift
  - RxTest
  - SwiftLint

SPEC REPOS:
  https://github.com/CocoaPods/Specs.git:
    - Alamofire
    - CryptoSwift
    - Differentiator
    - Moya
    - ObjectMapper
    - PKHUD
    - Result
    - RxBlocking
    - RxCocoa
    - RxDataSources
    - RxSwift
    - RxTest
    - SwiftLint

EXTERNAL SOURCES:
  IKEventSource:
    :git: https://github.com/inaka/EventSource.git

CHECKOUT OPTIONS:
  IKEventSource:
    :commit: 901ce31d8e5917a0f6d906cb421931c6e20061b6
    :git: https://github.com/inaka/EventSource.git

SPEC CHECKSUMS:
  Alamofire: e4fa87002c137ba2d8d634d2c51fabcda0d5c223
  CryptoSwift: bca8c5b653dcc2d9734409242a070ff53bafac86
  Differentiator: a87be69eba49ec4ab460c7671143ee3a9eececfd
  IKEventSource: eeb589b05053ac0e1314dea015f5a8d3c3cb24ab
  Moya: a725035953bc1c0eb1be505ab903984501d82440
  ObjectMapper: 20505058f54e5c3ca69e1d6de9897d152a5369a6
  PKHUD: 3c001512c6e002091184197a8de7a20420786e3b
  Result: d2d07204ce72856f1fd9130bbe42c35a7b0fea10
  RxBlocking: f6054985901412fc8c02daa84e92d4ba68c61389
  RxCocoa: d88ba0f1f6abf040011a9eb4b539324fc426843a
  RxDataSources: cb7c31e652a87ebb919da45f716bbb87b3765f6b
  RxSwift: e49536837d9901277638493ea537394d4b55f570
  RxTest: e634f15fd2c2cd0e0120132ef7a4f7be69ad0393
  SwiftLint: ce933681be10c3266e82576dad676fa815a602e9

PODFILE CHECKSUM: f650e8cd87fc001f4d8dcc3f97731b93e8348182

COCOAPODS: 1.5.0
